github.com/gohugoio/hugo-mod-bootstrap-scss/v5 v5.20200.20101 h1:wUe8RXjpJYs83CucuWJT7XuqCzQ52f5/N7zlV8woHEg=
github.com/gohugoio/hugo-mod-bootstrap-scss/v5 v5.20200.20101/go.mod h1:Z5Bhe4pfn8reoHhWqCQMWEAynLCIeBAt1TDwni4fipM=
github.com/gohugoio/hugo-mod-jslibs-dist/popperjs/v2 v2.21100.20000/go.mod h1:mFberT6ZtcchrsDtfvJM7aAH2bDKLdOnruUHl0hlapI=
github.com/razonyang/hb v0.9.0 h1:0nvJBhAhZjvesUj9mSP2nMmxuHjCeHiqv8sU0QRAxfg=
github.com/razonyang/hb/modules/blog v0.10.2 h1:vtCge4nDNymtmyYNljNeJgzLdsC9WuO9WTYaGSIN+1w=
github.com/razonyang/hb/modules/blog v0.10.2/go.mod h1:7fK5IT7HLwWnoqDt/7uTt/oePE+/vKtCXCgyysk+1Hc=
github.com/razonyang/hb/modules/blog/modules/breadcrumb v0.1.0 h1:/M6dE7Ua1BABtcNsDk7jLrbn4TRNiY11UzWLr47qmqY=
github.com/razonyang/hb/modules/blog/modules/breadcrumb v0.1.0/go.mod h1:U/HttkZXIaJCwR3WZU4i4Breh0fy1LoV8EVNnE4qSx0=
github.com/razonyang/hb/modules/blog/modules/featured-image v0.1.2 h1:Phq+jtVn7u8PlpnX5YawvYRps87lT8fJSX5x1iO8nIg=
github.com/razonyang/hb/modules/blog/modules/featured-image v0.1.2/go.mod h1:auo5Ixynl0sCYWmKDVX10sUpN5jgget6W67rjZQPnJk=
github.com/razonyang/hb/modules/blog/modules/heading-sign v0.1.1 h1:4P9eDWm4iYNTB2/tRnakcBG0s9VEa8b/TmdNRBN24iE=
github.com/razonyang/hb/modules/blog/modules/heading-sign v0.1.1/go.mod h1:tDWzCWGb9llugIvGYQuvhMJYR2t06jWT2RJRkba8eNc=
github.com/razonyang/hb/modules/blog/modules/post-nav v0.1.1 h1:OEQe7dHYm6wo7/PbOddA3bpyujHWhgRPlAC1KeAvd2M=
github.com/razonyang/hb/modules/blog/modules/post-nav v0.1.1/go.mod h1:PHO2122yVLZ/ioBy2pYoeLifkVMYKh1yvvC/oi2mHvg=
github.com/razonyang/hb/modules/blog/modules/related-posts v0.1.0 h1:aUL5xTRg0OKbtu/HI96PGVJuctFLgaEhUfw45DEvx+I=
github.com/razonyang/hb/modules/blog/modules/related-posts v0.1.0/go.mod h1:niToQm/+XrC52rra2vjHx6zfyZ0v1AgKk7bv3RmgsFA=
github.com/razonyang/hb/modules/footer v0.2.5 h1:/rxazAKu5gMKOjthH3iVIIBYWcx5xgqOb87M8+tZIRo=
github.com/razonyang/hb/modules/footer v0.2.5/go.mod h1:EsK5y6BHFb2bQ94nwbi/XKmOAq9Axs5BkBpxZ6ydEY0=
github.com/razonyang/hb/modules/header v0.1.9 h1:BdxkH3j1AeIDY74k5JX/zeRzQrNbcGqEMls2j7uwUGw=
github.com/razonyang/hb/modules/header v0.1.9/go.mod h1:YmZahPEMA0mXazZmZ4j7vB9zoAdZC7ak4Qws5CvVqbo=
github.com/razonyang/hb/modules/heading-sign v0.1.0 h1:NTjdLY7zfCFOcoqoUXnd3yq1zjMWt0tXZNSpFDyWxVA=
github.com/razonyang/hb/modules/heading-sign v0.1.0/go.mod h1:nTda94YVNBe2v7JVFnFpm3gTIQ2iyR+gFwJvwmH+qIs=
github.com/razonyang/hugo-mod-gravatar v1.1.1 h1:3GwqfsC5qNH91ETWPZfCXJFDp2xoO57E3MXFPZyYPg4=
github.com/razonyang/hugo-mod-gravatar v1.1.1/go.mod h1:BZxjfRSkY9CWBzFDbUL/7tIB7IuLnkTExzzAMgRqUys=
github.com/razonyang/hugo-mod-seo/modules/base v0.2.0 h1:RT6sCmy2VRyiQVHAOKmWETMd3a5NH0NIFUZqx7rjV0A=
github.com/razonyang/hugo-mod-seo/modules/base v0.2.0/go.mod h1:aUtXKObukremidQQellT5v8LfABlSMsUM3OYeut9Vxs=
