github.com/razonyang/hb v0.4.1 h1:oZ3/3AzhyFsuIx3QSb/Ib38LvquchbvFLwXdanoE0eA=
github.com/razonyang/hb v0.4.1/go.mod h1:X02luEAFN9eoQTNdlef8xbWIw75UBibtde3FyoA8kaM=
github.com/razonyang/hb v0.9.0 h1:0nvJBhAhZjvesUj9mSP2nMmxuHjCeHiqv8sU0QRAxfg=
github.com/razonyang/hb v0.9.0/go.mod h1:crYJai/LDZrBck1+kz2zVLq7Q2+Khuvo0pbMYDmNDtM=
github.com/razonyang/hb/modules/docs v0.1.0 h1:CdSNQ1MTHi4wegMVxjB5lPqOntql15Ns8fNCv0BWifk=
github.com/razonyang/hb/modules/docs v0.1.0/go.mod h1:uC1mMpJ+rRJddakgWYJ6VMgC1wFJmF/atvB2i9zlajI=
github.com/razonyang/hb/modules/docs v0.2.0 h1:6MvPNLcAba48rSPKxextiNLwwGf49D5FZ+ttmPONwEg=
github.com/razonyang/hb/modules/docs v0.2.0/go.mod h1:uC1mMpJ+rRJddakgWYJ6VMgC1wFJmF/atvB2i9zlajI=
github.com/razonyang/hb/modules/docs v0.2.4/go.mod h1:OL8d97LBI0v6XX5PXPcqVRiBl66woiE6x99NS8FJP6w=
github.com/razonyang/hb/modules/utterances v0.1.0 h1:Gv+LC2ZnNMkUA7ilPqU056uK36uVtz60MZmvzTlhhyI=
github.com/razonyang/hb/modules/utterances v0.1.0/go.mod h1:CijGTdIcVQhI3LGjvb7saeTjfiKU8PXUGYDs/+Ig3Y4=
github.com/razonyang/hb/modules/utterances v0.1.1 h1:j/DUl+sWc7aW9Kea9D6HBxACP1zqSnkdvXtgvvZARNs=
github.com/razonyang/hb/modules/utterances v0.1.1/go.mod h1:CijGTdIcVQhI3LGjvb7saeTjfiKU8PXUGYDs/+Ig3Y4=
github.com/razonyang/hugo-mod-icons v0.3.0 h1:z9kgC00LDV4QPlK6QgIW8E/iALvuoUW/tIEhlgg+D3w=
github.com/razonyang/hugo-mod-icons v0.3.0/go.mod h1:4atUyrOOKz1CnywT6qdUy3KoK4hcsM/JnS/EvqDWgnY=
github.com/razonyang/hugo-mod-icons v0.5.0/go.mod h1:4atUyrOOKz1CnywT6qdUy3KoK4hcsM/JnS/EvqDWgnY=
github.com/razonyang/hugo-mod-utterances v1.1.1 h1:JHRFqEpEMwHsaoIEGjHkzfUqWLFRcXTuSiBnaPH0zG4=
github.com/razonyang/hugo-mod-utterances v1.1.1/go.mod h1:msg5TClLjTMB2qUzORn5OYE7lEOqFufVtGU2dP2+HLI=
github.com/razonyang/hugopress v0.6.0 h1:cQaCTTJGMt4bwZRzIxwKnxHirQn9aoanCw+xRSOC6Mw=
github.com/razonyang/hugopress v0.6.0/go.mod h1:vbHm/Fv59XztrpuCo9TUQwuH4ZWES9zWns7n5GSZn7k=
github.com/razonyang/hugopress v0.7.1 h1:5d9H2kR1lHj/k8AwU5SA5RGL3lC5KaA85B+vn0uikWQ=
github.com/razonyang/hugopress v0.7.1/go.mod h1:vbHm/Fv59XztrpuCo9TUQwuH4ZWES9zWns7n5GSZn7k=
github.com/twbs/icons v1.10.3 h1:8i0wcDkk04KXd2ofLtMHUERkA5OkrpAzDyBVv/PJaL0=
github.com/twbs/icons v1.10.3/go.mod h1:GnRlymgVWp5iVJCMa0Me5b6tFyGpVc2bSxPMRGIJmyA=
