github.com/gohugoio/hugo-mod-bootstrap-scss/v5 v5.20200.20101 h1:wUe8RXjpJYs83CucuWJT7XuqCzQ52f5/N7zlV8woHEg=
github.com/gohugoio/hugo-mod-bootstrap-scss/v5 v5.20200.20101/go.mod h1:Z5Bhe4pfn8reoHhWqCQMWEAynLCIeBAt1TDwni4fipM=
github.com/gohugoio/hugo-mod-jslibs-dist/popperjs/v2 v2.21100.20000/go.mod h1:mFberT6ZtcchrsDtfvJM7aAH2bDKLdOnruUHl0hlapI=
github.com/krisk/Fuse v6.6.2+incompatible h1:laigOpZFs/xUi9zGjVu5t19bcvzRVufoXCnPSgQZmYI=
github.com/krisk/Fuse v6.6.2+incompatible/go.mod h1:3moWv8rDjwoKic9nwiPLgZjldkbdTAbtzJHCu/Vsj4A=
github.com/razonyang/hb v0.9.0 h1:0nvJBhAhZjvesUj9mSP2nMmxuHjCeHiqv8sU0QRAxfg=
github.com/razonyang/hb/modules/base v0.4.0 h1:zkgHLltX3Ax4EwEfMgH3eQgDMH8TmSPPMVrJ2M2sm+k=
github.com/razonyang/hb/modules/base v0.4.0/go.mod h1:rfidPXOv6nLUfBER02bFgfNd7sdgf30ZVX7vGK7vLxA=
github.com/razonyang/hb/modules/breadcrumb v0.1.2 h1:c0byDvofHgruxJZLpLcm1TpttMr3ZEFbpysoGHN1giU=
github.com/razonyang/hb/modules/breadcrumb v0.1.2/go.mod h1:+7kXjvL1O7cRpCdz9oVxEKfes/N41uvRAC6eh5OpqV8=
github.com/razonyang/hb/modules/carousel v0.2.0 h1:/JWEYEbpFBnRUoRxVO4TvWcYa+UtFbt/XLh1LoO5Blc=
github.com/razonyang/hb/modules/carousel v0.2.0/go.mod h1:XrkUuMxnsIy/A1XkMPsAKytqnHKDsW4QhC9yX/sQMXo=
github.com/razonyang/hb/modules/meta/blog v0.1.1 h1:uW1wANyNwSghnONWDcg176fd75LjJrJ22LRK+mu+JYo=
github.com/razonyang/hb/modules/meta/blog v0.1.1/go.mod h1:ZILXpaLrNZ1ojZRnG03b8EqL/TrUymSV9FAxF71rljc=
github.com/razonyang/hb/modules/meta/content v0.1.0 h1:dBxzXXJNaPcS31IyV9meuGQxvlfcC47OyVgJhmjLffc=
github.com/razonyang/hb/modules/meta/content v0.1.0/go.mod h1:O1v5inc8GoAUAGD/0WXg2vVOgNlWDKZeBb4BVPeThlI=
github.com/razonyang/hb/modules/meta/footer v0.1.0 h1:hBguI3T+pjFeiXifKzmDVG3S87UfKD0rPp39rJM870A=
github.com/razonyang/hb/modules/meta/footer v0.1.0/go.mod h1:DpA2BcvKFMsUkolYtGIoC6+edn9aJOT7aw46jdn0X2k=
github.com/razonyang/hb/modules/meta/header v0.1.0 h1:y9Eztdzg7CUiIxZ+K1GrLrGkvWd3YzShKU3G97iqK4k=
github.com/razonyang/hb/modules/meta/header v0.1.0/go.mod h1:XFzDRcmZg8NsYsE9pvDKWYfK4AHcfOEnENC9euLtyQo=
github.com/razonyang/hb/modules/meta/seo v0.1.0 h1:bjjiX2VzEd8ValRbAK4n3owq1RFxhKDudrFdU1usIsY=
github.com/razonyang/hb/modules/meta/seo v0.1.0/go.mod h1:BL1OUq7M92h23lyj0UC7B8sM1cs8UL6SqHq/137jCiA=
github.com/razonyang/hb/modules/search v0.1.0 h1:PEw3MNKAgC4rBMyE1sxR3mRpXsyqDRWWgtX4LYj1tlg=
github.com/razonyang/hb/modules/search v0.1.0/go.mod h1:VFDoBl+BhuAOPWuItFYzYKZNzHgGmHMjs9VFC8WSDi0=
github.com/razonyang/hb/modules/socials v0.3.1 h1:OzewEtOzjI+OFP8ZbZfRzHzxHeRAE4oKCJEpy2RGjCU=
github.com/razonyang/hb/modules/socials v0.3.1/go.mod h1:XNYDYowVyIz2owO0E9stw0OIn+GFllDSe448c/4Yi8Y=
github.com/razonyang/hb/modules/syntax-highlighting v0.1.0 h1:AXojvzXgMe6i/RnqkKOByheGgOV9IKovjgYAiFkqQig=
github.com/razonyang/hb/modules/syntax-highlighting v0.1.0/go.mod h1:7V6cAHZ7UiJMDonYDTz9NfeIhmItEl3h32EsAEvoFTE=
github.com/razonyang/hb/modules/syntax-highlighting/styles/gruvbox v0.2.0 h1:tU6GC3ZAQjcF0FqKrYjtBIqgJr9zcVjlfu5KAzfkixY=
github.com/razonyang/hb/modules/syntax-highlighting/styles/gruvbox v0.2.0/go.mod h1:I7JdbH6572N1Ip53FVpoqhQ0JCjAY+4GFGtec0pSAHc=
github.com/razonyang/hugo-mod-bootstrap v0.6.4 h1:6xLMj+1b84tUscaOcpx2sSdybzFUSMkRiaHCg1yHOoQ=
github.com/razonyang/hugo-mod-bootstrap v0.6.4/go.mod h1:hRonTOd2IvGCfK43V1BrSG9lobfAn9ASSt5EtN1o2Ws=
github.com/razonyang/hugo-mod-fuse-js v0.1.0 h1:IPWcKaqhpwlP8ziPiSGCrde6oSCswLfJWhXSCvjcOlk=
github.com/razonyang/hugo-mod-fuse-js v0.1.0/go.mod h1:+0fqwM+6kYuGsPYUO/r1aVcXzSpYW2vu3LDp6GT+zec=
github.com/razonyang/hugo-mod-i18n-js v0.2.1 h1:QBRQ76p5PX0j7GZTeEmnkqF17uw4Z5OyRQ7bU8oU1mQ=
github.com/razonyang/hugo-mod-i18n-js v0.2.1/go.mod h1:tYWfHF0qtvmsMHHgGN1Yw/cDVgGe7hUK1sCsegW5e8g=
github.com/razonyang/hugo-mod-icons v0.5.0 h1:SEm+CqNbm02ULwyCHBwPuZJUlHQ/uh8IYbqaEDFokhg=
github.com/razonyang/hugo-mod-icons v0.5.0/go.mod h1:4atUyrOOKz1CnywT6qdUy3KoK4hcsM/JnS/EvqDWgnY=
github.com/razonyang/hugo-mod-mermaid v0.1.0 h1:/KButUKwfOqLJsJC+5AnlwR9IWRmOKTgjQ4404DOrd0=
github.com/razonyang/hugo-mod-mermaid v0.1.0/go.mod h1:EBTpnwX+a1/yXKQxghUPRmLctnUKUWjmPR4aMqM+/yg=
github.com/razonyang/hugo-mod-seo/modules/base v0.2.0 h1:RT6sCmy2VRyiQVHAOKmWETMd3a5NH0NIFUZqx7rjV0A=
github.com/razonyang/hugo-mod-seo/modules/base v0.2.0/go.mod h1:aUtXKObukremidQQellT5v8LfABlSMsUM3OYeut9Vxs=
github.com/razonyang/hugopress v0.7.1 h1:5d9H2kR1lHj/k8AwU5SA5RGL3lC5KaA85B+vn0uikWQ=
github.com/razonyang/hugopress v0.7.1/go.mod h1:vbHm/Fv59XztrpuCo9TUQwuH4ZWES9zWns7n5GSZn7k=
github.com/razonyang/simple-icons v8.7.0+incompatible h1:fnbLe5V/PXpvWBfiyGIUKdH6kHqgH7irsFTZYhW3KAo=
github.com/razonyang/simple-icons v8.7.0+incompatible/go.mod h1:wQqQhbcK5GWujo4xzio0cQMufqwFVjjU+g3TwHd2iYU=
github.com/twbs/bootstrap v5.2.1+incompatible/go.mod h1:fZTSrkpSf0/HkL0IIJzvVspTt1r9zuf7XlZau8kpcY0=
github.com/twbs/icons v1.10.3 h1:8i0wcDkk04KXd2ofLtMHUERkA5OkrpAzDyBVv/PJaL0=
github.com/twbs/icons v1.10.3/go.mod h1:GnRlymgVWp5iVJCMa0Me5b6tFyGpVc2bSxPMRGIJmyA=
