github.com/gohugoio/hugo-mod-jslibs-dist/popperjs/v2 v2.21100.20000 h1:GZxx4Hc+yb0/t3/rau1j8XlAxLE4CyXns2fqQbyqWfs=
github.com/gohugoio/hugo-mod-jslibs-dist/popperjs/v2 v2.21100.20000/go.mod h1:mFberT6ZtcchrsDtfvJM7aAH2bDKLdOnruUHl0hlapI=
github.com/razonyang/hb v0.4.0 h1:R27SuiRdL/YiInQRweWS8XYa9jmb4Q64NSf+3a8W2TI=
github.com/razonyang/hb/modules/footer v0.1.0 h1:sxCaGwhF2LZfezfYGE8kfQdyZe3oQ89AtH+tpY2ncns=
github.com/razonyang/hb/modules/footer v0.1.0/go.mod h1:EsK5y6BHFb2bQ94nwbi/XKmOAq9Axs5BkBpxZ6ydEY0=
github.com/razonyang/hb/modules/footer v0.2.1 h1:HO3I9EMqnuzRP4tuCdBXNgz+BcojE+FfmxbyUr1PTCI=
github.com/razonyang/hb/modules/footer v0.2.1/go.mod h1:EsK5y6BHFb2bQ94nwbi/XKmOAq9Axs5BkBpxZ6ydEY0=
github.com/razonyang/hb/modules/footer v0.2.5 h1:/rxazAKu5gMKOjthH3iVIIBYWcx5xgqOb87M8+tZIRo=
github.com/razonyang/hb/modules/footer v0.2.5/go.mod h1:EsK5y6BHFb2bQ94nwbi/XKmOAq9Axs5BkBpxZ6ydEY0=
github.com/razonyang/hb/modules/header v0.1.0 h1:dZypRdabo/+NPsmyQP5o5Va7eTHo/1ZHnwr1sq+Se/8=
github.com/razonyang/hb/modules/header v0.1.0/go.mod h1:YmZahPEMA0mXazZmZ4j7vB9zoAdZC7ak4Qws5CvVqbo=
github.com/razonyang/hb/modules/header v0.1.3 h1:3+JQ1DLDYZNTFZX257XAsGLDjp5QlDJjlfNQlvWb660=
github.com/razonyang/hb/modules/header v0.1.3/go.mod h1:YmZahPEMA0mXazZmZ4j7vB9zoAdZC7ak4Qws5CvVqbo=
github.com/razonyang/hb/modules/header v0.1.9 h1:BdxkH3j1AeIDY74k5JX/zeRzQrNbcGqEMls2j7uwUGw=
github.com/razonyang/hb/modules/header v0.1.9/go.mod h1:YmZahPEMA0mXazZmZ4j7vB9zoAdZC7ak4Qws5CvVqbo=
github.com/razonyang/hugo-mod-icons v0.3.0 h1:z9kgC00LDV4QPlK6QgIW8E/iALvuoUW/tIEhlgg+D3w=
github.com/razonyang/hugo-mod-icons v0.3.0/go.mod h1:4atUyrOOKz1CnywT6qdUy3KoK4hcsM/JnS/EvqDWgnY=
github.com/razonyang/hugo-mod-icons v0.5.0 h1:SEm+CqNbm02ULwyCHBwPuZJUlHQ/uh8IYbqaEDFokhg=
github.com/razonyang/hugo-mod-icons v0.5.0/go.mod h1:4atUyrOOKz1CnywT6qdUy3KoK4hcsM/JnS/EvqDWgnY=
github.com/razonyang/hugo-mod-icons/vendors/bootstrap v0.1.0 h1:DCMA8MUdo0eRQGTmlBGzCGFTThYv9hSLsRGBdKrWtJ8=
github.com/razonyang/hugo-mod-icons/vendors/bootstrap v0.1.0/go.mod h1:qpjpOVApH3ioWClhE05ja646/w6Wy4lz2mUA16JofEI=
github.com/razonyang/hugo-mod-icons/vendors/bootstrap v0.2.0 h1:6rXsmOO+HyHV5XaJkQcJyNplDgoavuKYCBDGH58C4LE=
github.com/razonyang/hugo-mod-icons/vendors/bootstrap v0.2.0/go.mod h1:ndSmAyKudGa+AQ1QnJ6aChElYhQkgiIJRPfQUD5mzMY=
github.com/razonyang/hugo-mod-icons/vendors/bootstrap v0.3.0 h1:B7OKKcMLx0LkuuEJqAD++Pa7jDuRj5m/fsRXveAxyRI=
github.com/razonyang/hugo-mod-icons/vendors/bootstrap v0.3.0/go.mod h1:Trbpo1D/X/yRvQ7vWVEwePvcERoxA9JVYKe7wzlh/hA=
github.com/razonyang/hugo-mod-seo/modules/base v0.1.0 h1:yxExIp191qi1+ktVuHVSnwxxqGBaF00MlHzdGF6AChE=
github.com/razonyang/hugo-mod-seo/modules/base v0.1.0/go.mod h1:aUtXKObukremidQQellT5v8LfABlSMsUM3OYeut9Vxs=
github.com/razonyang/hugo-mod-seo/modules/base v0.2.0 h1:RT6sCmy2VRyiQVHAOKmWETMd3a5NH0NIFUZqx7rjV0A=
github.com/razonyang/hugo-mod-seo/modules/base v0.2.0/go.mod h1:aUtXKObukremidQQellT5v8LfABlSMsUM3OYeut9Vxs=
github.com/razonyang/hugopress v0.5.0 h1:3cUSiFQvjM9v4mkqVYdApEMLs7yB2B8vQg1ALV54CCw=
github.com/razonyang/hugopress v0.5.0/go.mod h1:vbHm/Fv59XztrpuCo9TUQwuH4ZWES9zWns7n5GSZn7k=
github.com/twbs/icons v1.10.3 h1:8i0wcDkk04KXd2ofLtMHUERkA5OkrpAzDyBVv/PJaL0=
github.com/twbs/icons v1.10.3/go.mod h1:GnRlymgVWp5iVJCMa0Me5b6tFyGpVc2bSxPMRGIJmyA=
