github.com/gohugoio/hugo-mod-bootstrap-scss/v5 v5.20200.20101 h1:wUe8RXjpJYs83CucuWJT7XuqCzQ52f5/N7zlV8woHEg=
github.com/gohugoio/hugo-mod-bootstrap-scss/v5 v5.20200.20101/go.mod h1:Z5Bhe4pfn8reoHhWqCQMWEAynLCIeBAt1TDwni4fipM=
github.com/gohugoio/hugo-mod-jslibs-dist/popperjs/v2 v2.21100.20000/go.mod h1:mFberT6ZtcchrsDtfvJM7aAH2bDKLdOnruUHl0hlapI=
github.com/razonyang/hb/modules/docs v0.2.0 h1:6MvPNLcAba48rSPKxextiNLwwGf49D5FZ+ttmPONwEg=
github.com/razonyang/hb/modules/docs v0.2.0/go.mod h1:uC1mMpJ+rRJddakgWYJ6VMgC1wFJmF/atvB2i9zlajI=
github.com/razonyang/hb/modules/docs v0.2.4/go.mod h1:OL8d97LBI0v6XX5PXPcqVRiBl66woiE6x99NS8FJP6w=
github.com/razonyang/hb/modules/heading-sign v0.1.0 h1:NTjdLY7zfCFOcoqoUXnd3yq1zjMWt0tXZNSpFDyWxVA=
github.com/razonyang/hb/modules/heading-sign v0.1.0/go.mod h1:nTda94YVNBe2v7JVFnFpm3gTIQ2iyR+gFwJvwmH+qIs=
github.com/razonyang/hugo-mod-base v0.3.0 h1:+S1pYhACtACsxUIvvBHSP8KiCcqHW1kl+buSb5NyFJc=
github.com/razonyang/hugo-mod-base v0.3.0/go.mod h1:ZcaKeMZdNIRcijaDnpzluS5CJyUwWl42FEbtVo5UKZE=
github.com/razonyang/hugo-mod-icons v0.5.0 h1:SEm+CqNbm02ULwyCHBwPuZJUlHQ/uh8IYbqaEDFokhg=
github.com/razonyang/hugo-mod-icons v0.5.0/go.mod h1:4atUyrOOKz1CnywT6qdUy3KoK4hcsM/JnS/EvqDWgnY=
github.com/twbs/bootstrap v5.2.1+incompatible/go.mod h1:fZTSrkpSf0/HkL0IIJzvVspTt1r9zuf7XlZau8kpcY0=
github.com/twbs/icons v1.10.3 h1:8i0wcDkk04KXd2ofLtMHUERkA5OkrpAzDyBVv/PJaL0=
github.com/twbs/icons v1.10.3/go.mod h1:GnRlymgVWp5iVJCMa0Me5b6tFyGpVc2bSxPMRGIJmyA=
