github.com/gohugoio/hugo-mod-jslibs-dist/popperjs/v2 v2.21100.20000 h1:GZxx4Hc+yb0/t3/rau1j8XlAxLE4CyXns2fqQbyqWfs=
github.com/gohugoio/hugo-mod-jslibs-dist/popperjs/v2 v2.21100.20000/go.mod h1:mFberT6ZtcchrsDtfvJM7aAH2bDKLdOnruUHl0hlapI=
github.com/henrygd/bigger-picture v1.1.7 h1:PFGp5Yg5z+pmlDDyHYlx0xTQqhc95tqXOjD4T0THaBE=
github.com/henrygd/bigger-picture v1.1.7/go.mod h1:LayqbjDNNsZH+ZXklmjBe5T02qxpH9Cah/ygAraOBIk=
github.com/razonyang/hb v0.6.0 h1:BpiqtgJ1P95SsDtXX24RnxlYW5a5i0jGBwKQqbqvqnA=
github.com/razonyang/hb v0.6.0/go.mod h1:crYJai/LDZrBck1+kz2zVLq7Q2+Khuvo0pbMYDmNDtM=
github.com/razonyang/hb v0.9.0 h1:0nvJBhAhZjvesUj9mSP2nMmxuHjCeHiqv8sU0QRAxfg=
github.com/razonyang/hb v0.9.0/go.mod h1:crYJai/LDZrBck1+kz2zVLq7Q2+Khuvo0pbMYDmNDtM=
