github.com/GoogleChrome/workbox v6.5.4+incompatible h1:J4yOdtnLGsxom7oTS+mRegKJ5a+Wi4j2qfZ72AWRlOM=
github.com/GoogleChrome/workbox v6.5.4+incompatible/go.mod h1:dyEoGLpJeO43pUVJb+nNNr1WRgoF81hNEl4UGLV+yow=
github.com/gohugoio/hugo-mod-jslibs-dist/popperjs/v2 v2.21100.20000 h1:GZxx4Hc+yb0/t3/rau1j8XlAxLE4CyXns2fqQbyqWfs=
github.com/gohugoio/hugo-mod-jslibs-dist/popperjs/v2 v2.21100.20000/go.mod h1:mFberT6ZtcchrsDtfvJM7aAH2bDKLdOnruUHl0hlapI=
github.com/razonyang/hb v0.9.0 h1:0nvJBhAhZjvesUj9mSP2nMmxuHjCeHiqv8sU0QRAxfg=
github.com/razonyang/hb v0.9.0/go.mod h1:crYJai/LDZrBck1+kz2zVLq7Q2+Khuvo0pbMYDmNDtM=
github.com/razonyang/hb/modules/base v0.4.0 h1:zkgHLltX3Ax4EwEfMgH3eQgDMH8TmSPPMVrJ2M2sm+k=
github.com/razonyang/hb/modules/base v0.4.0/go.mod h1:rfidPXOv6nLUfBER02bFgfNd7sdgf30ZVX7vGK7vLxA=
github.com/razonyang/hugo-mod-icons v0.3.0 h1:z9kgC00LDV4QPlK6QgIW8E/iALvuoUW/tIEhlgg+D3w=
github.com/razonyang/hugo-mod-icons v0.3.0/go.mod h1:4atUyrOOKz1CnywT6qdUy3KoK4hcsM/JnS/EvqDWgnY=
github.com/razonyang/hugo-mod-icons-bootstrap v0.2.0 h1:oPXiChKQxtC5xj9DZLrLlERZOtSQr4j/Iup4AI2Se5s=
github.com/razonyang/hugo-mod-icons-bootstrap v0.2.0/go.mod h1:SUvnZyVLycwUSLDFdmehibozDym6yT/xfEaC/US0wHE=
github.com/razonyang/hugo-mod-idb v0.1.1 h1:azGBeE6ScPyrpuhXfSQenOIiyZK5xF8705z3CfWa3b4=
github.com/razonyang/hugo-mod-idb v0.1.1/go.mod h1:+CxIx22+zAP2bOewK04EHly8bW5VeSYdoy8zmy6UL64=
github.com/razonyang/hugo-mod-pwa v0.3.3 h1:eK1QTz4B/qjWoWgb1fE3gvBORMNU9E9PiBb6t7XRgow=
github.com/razonyang/hugo-mod-pwa v0.3.3/go.mod h1:HJvn8dWazSjsk+5Zngq0v2+/Osf20tNmftwmw69rB3w=
github.com/razonyang/hugo-mod-pwa v0.3.4/go.mod h1:zowdF1fNI8zlTuOJtarfX0n13dbqlbpeT3Q4P2uPfXk=
github.com/razonyang/hugopress v0.7.1 h1:5d9H2kR1lHj/k8AwU5SA5RGL3lC5KaA85B+vn0uikWQ=
github.com/razonyang/hugopress v0.7.1/go.mod h1:vbHm/Fv59XztrpuCo9TUQwuH4ZWES9zWns7n5GSZn7k=
github.com/twbs/icons v1.10.3 h1:8i0wcDkk04KXd2ofLtMHUERkA5OkrpAzDyBVv/PJaL0=
github.com/twbs/icons v1.10.3/go.mod h1:GnRlymgVWp5iVJCMa0Me5b6tFyGpVc2bSxPMRGIJmyA=
