github.com/razonyang/hb v0.4.0 h1:R27SuiRdL/YiInQRweWS8XYa9jmb4Q64NSf+3a8W2TI=
github.com/razonyang/hb v0.4.0/go.mod h1:X02luEAFN9eoQTNdlef8xbWIw75UBibtde3FyoA8kaM=
github.com/razonyang/hb/modules/docs v0.1.0 h1:CdSNQ1MTHi4wegMVxjB5lPqOntql15Ns8fNCv0BWifk=
github.com/razonyang/hb/modules/docs v0.1.0/go.mod h1:uC1mMpJ+rRJddakgWYJ6VMgC1wFJmF/atvB2i9zlajI=
github.com/razonyang/hb/modules/docs v0.2.0 h1:6MvPNLcAba48rSPKxextiNLwwGf49D5FZ+ttmPONwEg=
github.com/razonyang/hb/modules/docs v0.2.0/go.mod h1:uC1mMpJ+rRJddakgWYJ6VMgC1wFJmF/atvB2i9zlajI=
github.com/razonyang/hb/modules/giscus v0.1.0 h1:rfFVNSJbvhuhx9VXI1QRdlYn86iJ50qZNfeCHQ9KP0Q=
github.com/razonyang/hb/modules/giscus v0.1.0/go.mod h1:kMP4u0J0CJ4LunuwiiJfDqHj4KIHWE7H64rlC8R7YEM=
github.com/razonyang/hb/modules/giscus v0.1.1 h1:pRZj7nMBxeVAD0wR1c0hFFIsI4TZjwloelbldtxajZQ=
github.com/razonyang/hb/modules/giscus v0.1.1/go.mod h1:kMP4u0J0CJ4LunuwiiJfDqHj4KIHWE7H64rlC8R7YEM=
github.com/razonyang/hugo-mod-giscus v1.3.1 h1:/7ojODfEV6gfdWLeUuYNlru3tcrUO7k/t5J//pNS9Ro=
github.com/razonyang/hugo-mod-giscus v1.3.1/go.mod h1:r3tKVPIdUg0xZbAfXZt8pMvwYpxkTT+J0q582qaZV38=
github.com/razonyang/hugo-mod-icons v0.3.0 h1:z9kgC00LDV4QPlK6QgIW8E/iALvuoUW/tIEhlgg+D3w=
github.com/razonyang/hugo-mod-icons v0.3.0/go.mod h1:4atUyrOOKz1CnywT6qdUy3KoK4hcsM/JnS/EvqDWgnY=
github.com/razonyang/hugopress v0.6.0 h1:cQaCTTJGMt4bwZRzIxwKnxHirQn9aoanCw+xRSOC6Mw=
github.com/razonyang/hugopress v0.6.0/go.mod h1:vbHm/Fv59XztrpuCo9TUQwuH4ZWES9zWns7n5GSZn7k=
github.com/razonyang/hugopress v0.7.1 h1:5d9H2kR1lHj/k8AwU5SA5RGL3lC5KaA85B+vn0uikWQ=
github.com/razonyang/hugopress v0.7.1/go.mod h1:vbHm/Fv59XztrpuCo9TUQwuH4ZWES9zWns7n5GSZn7k=
github.com/twbs/icons v1.10.3 h1:8i0wcDkk04KXd2ofLtMHUERkA5OkrpAzDyBVv/PJaL0=
github.com/twbs/icons v1.10.3/go.mod h1:GnRlymgVWp5iVJCMa0Me5b6tFyGpVc2bSxPMRGIJmyA=
