github.com/gohugoio/hugo-mod-bootstrap-scss/v5 v5.20200.20101 h1:wUe8RXjpJYs83CucuWJT7XuqCzQ52f5/N7zlV8woHEg=
github.com/gohugoio/hugo-mod-bootstrap-scss/v5 v5.20200.20101/go.mod h1:Z5Bhe4pfn8reoHhWqCQMWEAynLCIeBAt1TDwni4fipM=
github.com/gohugoio/hugo-mod-jslibs-dist/popperjs/v2 v2.21100.20000/go.mod h1:mFberT6ZtcchrsDtfvJM7aAH2bDKLdOnruUHl0hlapI=
github.com/razonyang/hb/modules/footer v0.2.5 h1:/rxazAKu5gMKOjthH3iVIIBYWcx5xgqOb87M8+tZIRo=
github.com/razonyang/hb/modules/footer v0.2.5/go.mod h1:EsK5y6BHFb2bQ94nwbi/XKmOAq9Axs5BkBpxZ6ydEY0=
github.com/razonyang/hb/modules/footer/modules/socials v0.1.2 h1:jSPQlRs9lpDIQ/1V+BH/nJG7zJ31DLVK15gXHAV1U4Y=
github.com/razonyang/hb/modules/footer/modules/socials v0.1.2/go.mod h1:LTLmvR6wcdmneZKKyvCenYP08Wiqi5feyCPRSSp0mxs=
github.com/razonyang/hugo-mod-icons v0.5.0 h1:SEm+CqNbm02ULwyCHBwPuZJUlHQ/uh8IYbqaEDFokhg=
github.com/razonyang/hugo-mod-icons v0.5.0/go.mod h1:4atUyrOOKz1CnywT6qdUy3KoK4hcsM/JnS/EvqDWgnY=
github.com/razonyang/hugo-mod-icons/vendors/simple-icons v0.5.0 h1:FQLUXfSFWQpj18r7mkdOqrmiN3+5tjnbPJ7nS5Ef0Eg=
github.com/razonyang/hugo-mod-icons/vendors/simple-icons v0.5.0/go.mod h1:4X3tB9Xde9w294rROruBfURGx3xKuL1kKqjZd4vVyyA=
github.com/razonyang/hugopress v0.7.1 h1:5d9H2kR1lHj/k8AwU5SA5RGL3lC5KaA85B+vn0uikWQ=
github.com/razonyang/hugopress v0.7.1/go.mod h1:vbHm/Fv59XztrpuCo9TUQwuH4ZWES9zWns7n5GSZn7k=
github.com/twbs/bootstrap v5.2.1+incompatible/go.mod h1:fZTSrkpSf0/HkL0IIJzvVspTt1r9zuf7XlZau8kpcY0=
